{
  "version": 4,
  "terraform_version": "1.9.8",
  "serial": 4,
  "lineage": "c829a3a2-8f58-33d0-c118-23687a425d2e",
  "outputs": {},
  "resources": [
    {
      "mode": "data",
      "type": "digitalocean_ssh_key",
      "name": "pc",
      "provider": "provider[\"registry.terraform.io/digitalocean/digitalocean\"]",
      "instances": [
        {
          "schema_version": 0,
          "attributes": {
            "fingerprint": "99:1c:f4:98:8e:39:0f:86:5f:ac:41:91:b9:47:2d:07",
            "id": 45464902,
            "name": "pc",
            "public_key": "ssh-rsa AAAAB3NzaC1yc2EAAAADAQABAAABAQDbOKxaTFw0OsM56tkJUvujPgwZDoKqVFeYxAmZ7bIZs84ZFckA/RgB68P0wK6B3H6h+eCm5UZzynTcF63TjX+SOMzrLVMC1I7WNrkrAy49S0L2G+1BtYxjiuSSAVFCSFjMmfpzoVL8jT3TS7FM58Cjl4gxE8wssSPGeZGdsX1AZxUecF10bLoZZCn+ONXU/k6iwaHN0APQD8u3YtAu2givX0jxARHEV9PF0RpkF5tdsKZqyBnYV9hZbVEM0zLoqwE4uwsbwf4a3P6AcH8YfOs6nsiW+TkWpBzItkjniRSL3+S9zY0Czwns6xL4dubLQCbo7tBaz6bNdFJ+wzBhYUEN santos@DESKTOP-D4BPM7M"
          },
          "sensitive_attributes": []
        }
      ]
    },
    {
      "mode": "managed",
      "type": "digitalocean_droplet",
      "name": "jenkins",
      "provider": "provider[\"registry.terraform.io/digitalocean/digitalocean\"]",
      "instances": [
        {
          "schema_version": 1,
          "attributes": {
            "backup_policy": [],
            "backups": false,
            "created_at": "2025-02-16T01:00:37Z",
            "disk": 50,
            "droplet_agent": null,
            "graceful_shutdown": false,
            "id": "477023086",
            "image": "ubuntu-20-04-x64",
            "ipv4_address": "162.243.29.53",
            "ipv4_address_private": "10.100.0.2",
            "ipv6": false,
            "ipv6_address": "",
            "locked": false,
            "memory": 2048,
            "monitoring": false,
            "name": "jenkins",
            "price_hourly": 0.01786,
            "price_monthly": 12,
            "private_networking": true,
            "region": "nyc2",
            "resize_disk": true,
            "size": "s-1vcpu-2gb",
            "ssh_keys": [
              "45464902"
            ],
            "status": "active",
            "tags": [],
            "timeouts": null,
            "urn": "do:droplet:477023086",
            "user_data": null,
            "vcpus": 1,
            "volume_ids": [],
            "vpc_uuid": "5123393f-8690-4160-8c9c-79ea224211c1"
          },
          "sensitive_attributes": [],
          "private": "eyJlMmJmYjczMC1lY2FhLTExZTYtOGY4OC0zNDM2M2JjN2M0YzAiOnsiY3JlYXRlIjozNjAwMDAwMDAwMDAwLCJkZWxldGUiOjYwMDAwMDAwMDAwLCJ1cGRhdGUiOjM2MDAwMDAwMDAwMDB9LCJzY2hlbWFfdmVyc2lvbiI6IjEifQ==",
          "dependencies": [
            "data.digitalocean_ssh_key.pc"
          ]
        }
      ]
    }
  ],
  "check_results": null
}
