{
  "version": 4,
  "terraform_version": "1.9.8",
  "serial": 6,
  "lineage": "c829a3a2-8f58-33d0-c118-23687a425d2e",
  "outputs": {},
  "resources": [
    {
      "mode": "data",
      "type": "digitalocean_ssh_key",
      "name": "pc",
      "provider": "provider[\"registry.terraform.io/digitalocean/digitalocean\"]",
      "instances": [
        {
          "schema_version": 0,
          "attributes": {
            "fingerprint": "99:1c:f4:98:8e:39:0f:86:5f:ac:41:91:b9:47:2d:07",
            "id": 45464902,
            "name": "pc",
            "public_key": "ssh-rsa AAAAB3NzaC1yc2EAAAADAQABAAABAQDbOKxaTFw0OsM56tkJUvujPgwZDoKqVFeYxAmZ7bIZs84ZFckA/RgB68P0wK6B3H6h+eCm5UZzynTcF63TjX+SOMzrLVMC1I7WNrkrAy49S0L2G+1BtYxjiuSSAVFCSFjMmfpzoVL8jT3TS7FM58Cjl4gxE8wssSPGeZGdsX1AZxUecF10bLoZZCn+ONXU/k6iwaHN0APQD8u3YtAu2givX0jxARHEV9PF0RpkF5tdsKZqyBnYV9hZbVEM0zLoqwE4uwsbwf4a3P6AcH8YfOs6nsiW+TkWpBzItkjniRSL3+S9zY0Czwns6xL4dubLQCbo7tBaz6bNdFJ+wzBhYUEN santos@DESKTOP-D4BPM7M"
          },
          "sensitive_attributes": []
        }
      ]
    },
    {
      "mode": "managed",
      "type": "digitalocean_droplet",
      "name": "jenkins",
      "provider": "provider[\"registry.terraform.io/digitalocean/digitalocean\"]",
      "instances": [
        {
          "schema_version": 1,
          "attributes": {
            "backup_policy": [],
            "backups": false,
            "created_at": "2025-02-16T01:00:37Z",
            "disk": 50,
            "droplet_agent": null,
            "graceful_shutdown": false,
            "id": "477023086",
            "image": "ubuntu-20-04-x64",
            "ipv4_address": "162.243.29.53",
            "ipv4_address_private": "10.100.0.2",
            "ipv6": false,
            "ipv6_address": "",
            "locked": false,
            "memory": 2048,
            "monitoring": false,
            "name": "jenkins",
            "price_hourly": 0.01786,
            "price_monthly": 12,
            "private_networking": true,
            "region": "nyc2",
            "resize_disk": true,
            "size": "s-1vcpu-2gb",
            "ssh_keys": [
              "45464902"
            ],
            "status": "active",
            "tags": [],
            "timeouts": null,
            "urn": "do:droplet:477023086",
            "user_data": null,
            "vcpus": 1,
            "volume_ids": [],
            "vpc_uuid": "5123393f-8690-4160-8c9c-79ea224211c1"
          },
          "sensitive_attributes": [],
          "private": "eyJlMmJmYjczMC1lY2FhLTExZTYtOGY4OC0zNDM2M2JjN2M0YzAiOnsiY3JlYXRlIjozNjAwMDAwMDAwMDAwLCJkZWxldGUiOjYwMDAwMDAwMDAwLCJ1cGRhdGUiOjM2MDAwMDAwMDAwMDB9LCJzY2hlbWFfdmVyc2lvbiI6IjEifQ==",
          "dependencies": [
            "data.digitalocean_ssh_key.pc"
          ]
        }
      ]
    },
    {
      "mode": "managed",
      "type": "digitalocean_kubernetes_cluster",
      "name": "primary",
      "provider": "provider[\"registry.terraform.io/digitalocean/digitalocean\"]",
      "instances": [
        {
          "schema_version": 3,
          "attributes": {
            "auto_upgrade": false,
            "cluster_subnet": "10.244.0.0/16",
            "control_plane_firewall": [],
            "created_at": "2025-02-16 01:34:06 +0000 UTC",
            "destroy_all_associated_resources": false,
            "endpoint": "https://cd084618-a74b-445b-a525-2dc8da639362.k8s.ondigitalocean.com",
            "ha": false,
            "id": "cd084618-a74b-445b-a525-2dc8da639362",
            "ipv4_address": "",
            "kube_config": [
              {
                "client_certificate": "",
                "client_key": "",
                "cluster_ca_certificate": "LS0tLS1CRUdJTiBDRVJUSUZJQ0FURS0tLS0tCk1JSURKekNDQWcrZ0F3SUJBZ0lDQm5Vd0RRWUpLb1pJaHZjTkFRRUxCUUF3TXpFVk1CTUdBMVVFQ2hNTVJHbG4KYVhSaGJFOWpaV0Z1TVJvd0dBWURWUVFERXhGck9ITmhZWE1nUTJ4MWMzUmxjaUJEUVRBZUZ3MHlOVEF5TVRZdwpNVE0wTVRWYUZ3MDBOVEF5TVRZd01UTTBNVFZhTURNeEZUQVRCZ05WQkFvVERFUnBaMmwwWVd4UFkyVmhiakVhCk1CZ0dBMVVFQXhNUmF6aHpZV0Z6SUVOc2RYTjBaWElnUTBFd2dnRWlNQTBHQ1NxR1NJYjNEUUVCQVFVQUE0SUIKRHdBd2dnRUtBb0lCQVFDYVRCeDdVNFg4WGo4MzB0MDR0cjczY2FYREc2Y3dML1hidGlwaHlKeWlDR2JrZE1sUgpadmp6Q3dZckx5TnpCSjNNVThpeFpiMzJnWElPYTVEZ0wvNmxsbU5HS09seGhFWWJhdFVzV3F6VzNGRm1tVDh4ClNoSWpmay9XVUlQR2o1YXl4OURISzlEQ1pjMEtMTWtMay9nejg1UHRDMDhKTDZ3enJnNE1HQ1JDemFRdm5hSmcKaFNBVUtpMEZYaHo1WEJFRXdHQ1FqU0NJTzg5Z1F5Z1VnZStsTzNJQ21Ob2dJNnpjNmw1OWNiOXZpbGx2bmhmdAowZHFjUnU5NllicnVVZWhhNEZPL1ZsWnFSUUh6UFUzQkdRaHZsYkdNRG51QzRIZU5WVk4yN0JPenYyUGFGQVZyCjF4RVBhT1U4WnoxUGFyblVIaVhxdjA3Vk0vSWJ2d2IydzVoYkFnTUJBQUdqUlRCRE1BNEdBMVVkRHdFQi93UUUKQXdJQmhqQVNCZ05WSFJNQkFmOEVDREFHQVFIL0FnRUFNQjBHQTFVZERnUVdCQlFNQ2VubDJpVWg0MTVyLzFnbQpDcFJyTDNBL1ZUQU5CZ2txaGtpRzl3MEJBUXNGQUFPQ0FRRUFreUF4aW83Z1dxRW40T2Rtd2xzbUZCaHpXMXlzCmNKcmtxOTdoNnFFWm1SZkJPdnZlRW1TbjlzckpCdW1EU3NtMWdYTlR5YlA1c1Mwb0hxR1ZZWU4vdllCTTlvREEKVGNkeHI4YXVkazMvTmI2ZTFoM1lST3Z4cHY0bHVPcEZDUHFaTkdtMU8wcjM5djczZTd3Vm9wa2JhekR0SWk2UgpBUGJrMk1tTFZib29UcEc2YnpqQ1RMdFNrbkljV0dNYlBMNFhtOS9ReC9tbDdaS1FFM1diUGsrcmFnU242WVVaCk5PaGpYSU5KRk9WMmNyejJSVkRLbmZVRGxZakltVFo3R3U2UzRsa3VtUkVTbGMyU0lCRHZveGVnTjhMM1g3RlYKdW5iWGE5Wm50NSttT0taNU9ydjVVajZiWGNtMlhHL29WVGFGcWxMVW8rZUN0R2ZkanllT2o3M3Rrdz09Ci0tLS0tRU5EIENFUlRJRklDQVRFLS0tLS0K",
                "expires_at": "2025-02-23T01:40:27Z",
                "host": "https://cd084618-a74b-445b-a525-2dc8da639362.k8s.ondigitalocean.com",
                "raw_config": "apiVersion: v1\nkind: Config\nclusters:\n- cluster:\n    certificate-authority-data: LS0tLS1CRUdJTiBDRVJUSUZJQ0FURS0tLS0tCk1JSURKekNDQWcrZ0F3SUJBZ0lDQm5Vd0RRWUpLb1pJaHZjTkFRRUxCUUF3TXpFVk1CTUdBMVVFQ2hNTVJHbG4KYVhSaGJFOWpaV0Z1TVJvd0dBWURWUVFERXhGck9ITmhZWE1nUTJ4MWMzUmxjaUJEUVRBZUZ3MHlOVEF5TVRZdwpNVE0wTVRWYUZ3MDBOVEF5TVRZd01UTTBNVFZhTURNeEZUQVRCZ05WQkFvVERFUnBaMmwwWVd4UFkyVmhiakVhCk1CZ0dBMVVFQXhNUmF6aHpZV0Z6SUVOc2RYTjBaWElnUTBFd2dnRWlNQTBHQ1NxR1NJYjNEUUVCQVFVQUE0SUIKRHdBd2dnRUtBb0lCQVFDYVRCeDdVNFg4WGo4MzB0MDR0cjczY2FYREc2Y3dML1hidGlwaHlKeWlDR2JrZE1sUgpadmp6Q3dZckx5TnpCSjNNVThpeFpiMzJnWElPYTVEZ0wvNmxsbU5HS09seGhFWWJhdFVzV3F6VzNGRm1tVDh4ClNoSWpmay9XVUlQR2o1YXl4OURISzlEQ1pjMEtMTWtMay9nejg1UHRDMDhKTDZ3enJnNE1HQ1JDemFRdm5hSmcKaFNBVUtpMEZYaHo1WEJFRXdHQ1FqU0NJTzg5Z1F5Z1VnZStsTzNJQ21Ob2dJNnpjNmw1OWNiOXZpbGx2bmhmdAowZHFjUnU5NllicnVVZWhhNEZPL1ZsWnFSUUh6UFUzQkdRaHZsYkdNRG51QzRIZU5WVk4yN0JPenYyUGFGQVZyCjF4RVBhT1U4WnoxUGFyblVIaVhxdjA3Vk0vSWJ2d2IydzVoYkFnTUJBQUdqUlRCRE1BNEdBMVVkRHdFQi93UUUKQXdJQmhqQVNCZ05WSFJNQkFmOEVDREFHQVFIL0FnRUFNQjBHQTFVZERnUVdCQlFNQ2VubDJpVWg0MTVyLzFnbQpDcFJyTDNBL1ZUQU5CZ2txaGtpRzl3MEJBUXNGQUFPQ0FRRUFreUF4aW83Z1dxRW40T2Rtd2xzbUZCaHpXMXlzCmNKcmtxOTdoNnFFWm1SZkJPdnZlRW1TbjlzckpCdW1EU3NtMWdYTlR5YlA1c1Mwb0hxR1ZZWU4vdllCTTlvREEKVGNkeHI4YXVkazMvTmI2ZTFoM1lST3Z4cHY0bHVPcEZDUHFaTkdtMU8wcjM5djczZTd3Vm9wa2JhekR0SWk2UgpBUGJrMk1tTFZib29UcEc2YnpqQ1RMdFNrbkljV0dNYlBMNFhtOS9ReC9tbDdaS1FFM1diUGsrcmFnU242WVVaCk5PaGpYSU5KRk9WMmNyejJSVkRLbmZVRGxZakltVFo3R3U2UzRsa3VtUkVTbGMyU0lCRHZveGVnTjhMM1g3RlYKdW5iWGE5Wm50NSttT0taNU9ydjVVajZiWGNtMlhHL29WVGFGcWxMVW8rZUN0R2ZkanllT2o3M3Rrdz09Ci0tLS0tRU5EIENFUlRJRklDQVRFLS0tLS0K\n    server: https://cd084618-a74b-445b-a525-2dc8da639362.k8s.ondigitalocean.com\n  name: do-nyc1-primary\ncontexts:\n- context:\n    cluster: do-nyc1-primary\n    user: do-nyc1-primary-admin\n  name: do-nyc1-primary\ncurrent-context: do-nyc1-primary\nusers:\n- name: do-nyc1-primary-admin\n  user:\n    token: \n",
                "token": ""
              }
            ],
            "kubeconfig_expire_seconds": null,
            "maintenance_policy": [
              {
                "day": "any",
                "duration": "4h0m0s",
                "start_time": "14:00"
              }
            ],
            "name": "primary",
            "node_pool": [
              {
                "actual_node_count": 2,
                "auto_scale": false,
                "id": "6ff1abad-341c-4fed-bd74-db9b389314e2",
                "labels": null,
                "max_nodes": 0,
                "min_nodes": 0,
                "name": "apps",
                "node_count": 2,
                "nodes": [
                  {
                    "created_at": "2025-02-16 01:34:06 +0000 UTC",
                    "droplet_id": "477029866",
                    "id": "8d1f2307-07b7-4e73-b843-1142c9ed81e2",
                    "name": "apps-aghlk",
                    "status": "running",
                    "updated_at": "2025-02-16 01:37:36 +0000 UTC"
                  },
                  {
                    "created_at": "2025-02-16 01:34:06 +0000 UTC",
                    "droplet_id": "477029868",
                    "id": "e661112d-5b36-4e9c-8dec-f32a7084b12a",
                    "name": "apps-aghlh",
                    "status": "running",
                    "updated_at": "2025-02-16 01:37:36 +0000 UTC"
                  }
                ],
                "size": "s-2vcpu-2gb",
                "tags": null,
                "taint": []
              }
            ],
            "region": "nyc1",
            "registry_integration": false,
            "service_subnet": "10.245.0.0/16",
            "status": "running",
            "surge_upgrade": true,
            "tags": null,
            "timeouts": null,
            "updated_at": "2025-02-16 01:40:17 +0000 UTC",
            "urn": "do:kubernetes:cd084618-a74b-445b-a525-2dc8da639362",
            "version": "1.32.1-do.0",
            "vpc_uuid": "c27d18f6-f322-4a57-9ee6-83e1be9fc4bd"
          },
          "sensitive_attributes": [
            [
              {
                "type": "get_attr",
                "value": "kube_config"
              }
            ]
          ],
          "private": "eyJlMmJmYjczMC1lY2FhLTExZTYtOGY4OC0zNDM2M2JjN2M0YzAiOnsiY3JlYXRlIjoxODAwMDAwMDAwMDAwfSwic2NoZW1hX3ZlcnNpb24iOiIzIn0="
        }
      ]
    }
  ],
  "check_results": null
}
